{
    "_meta": {
        "hash": {
            "sha256": "60513873a012ef59429fe94d6884e2566b084dd4aebc166b57bc3826e24a2a35"
        },
        "pipfile-spec": 6,
        "requires": {
            "python_version": "3"
        },
        "sources": [
            {
                "name": "pypi",
                "url": "https://pypi.org/simple",
                "verify_ssl": true
            }
        ]
    },
    "default": {
        "annotated-types": {
            "hashes": [
                "sha256:1f02e8b43a8fbbc3f3e0d4f0f4bfc8131bcb4eebe8849b8e5c773f3a1c582a53",
                "sha256:aff07c09a53a08bc8cfccb9c85b05f1aa9a2a6f23728d790723543408344ce89"
            ],
            "markers": "python_version >= '3.8'",
            "version": "==0.7.0"
        },
        "cffi": {
            "hashes": [
                "sha256:00bdf7acc5f795150faa6957054fbbca2439db2f775ce831222b66f192f03beb",
                "sha256:07b271772c100085dd28b74fa0cd81c8fb1a3ba18b21e03d7c27f3436a10606b",
                "sha256:087067fa8953339c723661eda6b54bc98c5625757ea62e95eb4898ad5e776e9f",
                "sha256:0a1527a803f0a659de1af2e1fd700213caba79377e27e4693648c2923da066f9",
                "sha256:0cf2d91ecc3fcc0625c2c530fe004f82c110405f101548512cce44322fa8ac44",
                "sha256:0f6084a0ea23d05d20c3edcda20c3d006f9b6f3fefeac38f59262e10cef47ee2",
                "sha256:12873ca6cb9b0f0d3a0da705d6086fe911591737a59f28b7936bdfed27c0d47c",
                "sha256:19f705ada2530c1167abacb171925dd886168931e0a7b78f5bffcae5c6b5be75",
                "sha256:1cd13c99ce269b3ed80b417dcd591415d3372bcac067009b6e0f59c7d4015e65",
                "sha256:1e3a615586f05fc4065a8b22b8152f0c1b00cdbc60596d187c2a74f9e3036e4e",
                "sha256:1f72fb8906754ac8a2cc3f9f5aaa298070652a0ffae577e0ea9bd480dc3c931a",
                "sha256:1fc9ea04857caf665289b7a75923f2c6ed559b8298a1b8c49e59f7dd95c8481e",
                "sha256:203a48d1fb583fc7d78a4c6655692963b860a417c0528492a6bc21f1aaefab25",
                "sha256:2081580ebb843f759b9f617314a24ed5738c51d2aee65d31e02f6f7a2b97707a",
                "sha256:21d1152871b019407d8ac3985f6775c079416c282e431a4da6afe7aefd2bccbe",
                "sha256:24b6f81f1983e6df8db3adc38562c83f7d4a0c36162885ec7f7b77c7dcbec97b",
                "sha256:256f80b80ca3853f90c21b23ee78cd008713787b1b1e93eae9f3d6a7134abd91",
                "sha256:28a3a209b96630bca57cce802da70c266eb08c6e97e5afd61a75611ee6c64592",
                "sha256:2c8f814d84194c9ea681642fd164267891702542f028a15fc97d4674b6206187",
                "sha256:2de9a304e27f7596cd03d16f1b7c72219bd944e99cc52b84d0145aefb07cbd3c",
                "sha256:38100abb9d1b1435bc4cc340bb4489635dc2f0da7456590877030c9b3d40b0c1",
                "sha256:3925dd22fa2b7699ed2617149842d2e6adde22b262fcbfada50e3d195e4b3a94",
                "sha256:3e17ed538242334bf70832644a32a7aae3d83b57567f9fd60a26257e992b79ba",
                "sha256:3e837e369566884707ddaf85fc1744b47575005c0a229de3327f8f9a20f4efeb",
                "sha256:3f4d46d8b35698056ec29bca21546e1551a205058ae1a181d871e278b0b28165",
                "sha256:44d1b5909021139fe36001ae048dbdde8214afa20200eda0f64c068cac5d5529",
                "sha256:45d5e886156860dc35862657e1494b9bae8dfa63bf56796f2fb56e1679fc0bca",
                "sha256:4647afc2f90d1ddd33441e5b0e85b16b12ddec4fca55f0d9671fef036ecca27c",
                "sha256:4671d9dd5ec934cb9a73e7ee9676f9362aba54f7f34910956b84d727b0d73fb6",
                "sha256:53f77cbe57044e88bbd5ed26ac1d0514d2acf0591dd6bb02a3ae37f76811b80c",
                "sha256:5eda85d6d1879e692d546a078b44251cdd08dd1cfb98dfb77b670c97cee49ea0",
                "sha256:5fed36fccc0612a53f1d4d9a816b50a36702c28a2aa880cb8a122b3466638743",
                "sha256:61d028e90346df14fedc3d1e5441df818d095f3b87d286825dfcbd6459b7ef63",
                "sha256:66f011380d0e49ed280c789fbd08ff0d40968ee7b665575489afa95c98196ab5",
                "sha256:6824f87845e3396029f3820c206e459ccc91760e8fa24422f8b0c3d1731cbec5",
                "sha256:6c6c373cfc5c83a975506110d17457138c8c63016b563cc9ed6e056a82f13ce4",
                "sha256:6d02d6655b0e54f54c4ef0b94eb6be0607b70853c45ce98bd278dc7de718be5d",
                "sha256:6d50360be4546678fc1b79ffe7a66265e28667840010348dd69a314145807a1b",
                "sha256:730cacb21e1bdff3ce90babf007d0a0917cc3e6492f336c2f0134101e0944f93",
                "sha256:737fe7d37e1a1bffe70bd5754ea763a62a066dc5913ca57e957824b72a85e205",
                "sha256:74a03b9698e198d47562765773b4a8309919089150a0bb17d829ad7b44b60d27",
                "sha256:7553fb2090d71822f02c629afe6042c299edf91ba1bf94951165613553984512",
                "sha256:7a66c7204d8869299919db4d5069a82f1561581af12b11b3c9f48c584eb8743d",
                "sha256:7cc09976e8b56f8cebd752f7113ad07752461f48a58cbba644139015ac24954c",
                "sha256:81afed14892743bbe14dacb9e36d9e0e504cd204e0b165062c488942b9718037",
                "sha256:8941aaadaf67246224cee8c3803777eed332a19d909b47e29c9842ef1e79ac26",
                "sha256:89472c9762729b5ae1ad974b777416bfda4ac5642423fa93bd57a09204712322",
                "sha256:8ea985900c5c95ce9db1745f7933eeef5d314f0565b27625d9a10ec9881e1bfb",
                "sha256:8eca2a813c1cb7ad4fb74d368c2ffbbb4789d377ee5bb8df98373c2cc0dee76c",
                "sha256:92b68146a71df78564e4ef48af17551a5ddd142e5190cdf2c5624d0c3ff5b2e8",
                "sha256:9332088d75dc3241c702d852d4671613136d90fa6881da7d770a483fd05248b4",
                "sha256:94698a9c5f91f9d138526b48fe26a199609544591f859c870d477351dc7b2414",
                "sha256:9a67fc9e8eb39039280526379fb3a70023d77caec1852002b4da7e8b270c4dd9",
                "sha256:9de40a7b0323d889cf8d23d1ef214f565ab154443c42737dfe52ff82cf857664",
                "sha256:a05d0c237b3349096d3981b727493e22147f934b20f6f125a3eba8f994bec4a9",
                "sha256:afb8db5439b81cf9c9d0c80404b60c3cc9c3add93e114dcae767f1477cb53775",
                "sha256:b18a3ed7d5b3bd8d9ef7a8cb226502c6bf8308df1525e1cc676c3680e7176739",
                "sha256:b1e74d11748e7e98e2f426ab176d4ed720a64412b6a15054378afdb71e0f37dc",
                "sha256:b21e08af67b8a103c71a250401c78d5e0893beff75e28c53c98f4de42f774062",
                "sha256:b4c854ef3adc177950a8dfc81a86f5115d2abd545751a304c5bcf2c2c7283cfe",
                "sha256:b882b3df248017dba09d6b16defe9b5c407fe32fc7c65a9c69798e6175601be9",
                "sha256:baf5215e0ab74c16e2dd324e8ec067ef59e41125d3eade2b863d294fd5035c92",
                "sha256:c649e3a33450ec82378822b3dad03cc228b8f5963c0c12fc3b1e0ab940f768a5",
                "sha256:c654de545946e0db659b3400168c9ad31b5d29593291482c43e3564effbcee13",
                "sha256:c6638687455baf640e37344fe26d37c404db8b80d037c3d29f58fe8d1c3b194d",
                "sha256:c8d3b5532fc71b7a77c09192b4a5a200ea992702734a2e9279a37f2478236f26",
                "sha256:cb527a79772e5ef98fb1d700678fe031e353e765d1ca2d409c92263c6d43e09f",
                "sha256:cf364028c016c03078a23b503f02058f1814320a56ad535686f90565636a9495",
                "sha256:d48a880098c96020b02d5a1f7d9251308510ce8858940e6fa99ece33f610838b",
                "sha256:d68b6cef7827e8641e8ef16f4494edda8b36104d79773a334beaa1e3521430f6",
                "sha256:d9b29c1f0ae438d5ee9acb31cadee00a58c46cc9c0b2f9038c6b0b3470877a8c",
                "sha256:d9b97165e8aed9272a6bb17c01e3cc5871a594a446ebedc996e2397a1c1ea8ef",
                "sha256:da68248800ad6320861f129cd9c1bf96ca849a2771a59e0344e88681905916f5",
                "sha256:da902562c3e9c550df360bfa53c035b2f241fed6d9aef119048073680ace4a18",
                "sha256:dbd5c7a25a7cb98f5ca55d258b103a2054f859a46ae11aaf23134f9cc0d356ad",
                "sha256:dd4f05f54a52fb558f1ba9f528228066954fee3ebe629fc1660d874d040ae5a3",
                "sha256:de8dad4425a6ca6e4e5e297b27b5c824ecc7581910bf9aee86cb6835e6812aa7",
                "sha256:e11e82b744887154b182fd3e7e8512418446501191994dbf9c9fc1f32cc8efd5",
                "sha256:e6e73b9e02893c764e7e8d5bb5ce277f1a009cd5243f8228f75f842bf937c534",
                "sha256:f73b96c41e3b2adedc34a7356e64c8eb96e03a3782b535e043a986276ce12a49",
                "sha256:f93fd8e5c8c0a4aa1f424d6173f14a892044054871c771f8566e4008eaa359d2",
                "sha256:fc33c5141b55ed366cfaad382df24fe7dcbc686de5be719b207bb248e3053dc5",
                "sha256:fc7de24befaeae77ba923797c7c87834c73648a05a4bde34b3b7e5588973a453",
                "sha256:fe562eb1a64e67dd297ccc4f5addea2501664954f2692b69a76449ec7913ecbf"
            ],
            "markers": "python_version >= '3.9'",
            "version": "==2.0.0"
        },
        "cryptography": {
            "hashes": [
                "sha256:02f55fb4f8b79c1221b0961488eaae21015b69b210e18c386b69de182ebb1259",
                "sha256:157f1f3b8d941c2bd8f3ffee0af9b049c9665c39d3da9db2dc338feca5e98a43",
                "sha256:192ed30fac1728f7587c6f4613c29c584abdc565d7417c13904708db10206645",
                "sha256:21a83f6f35b9cc656d71b5de8d519f566df01e660ac2578805ab245ffd8523f8",
                "sha256:25cd194c39fa5a0aa4169125ee27d1172097857b27109a45fadc59653ec06f44",
                "sha256:3883076d5c4cc56dbef0b898a74eb6992fdac29a7b9013870b34efe4ddb39a0d",
                "sha256:3bb0847e6363c037df8f6ede57d88eaf3410ca2267fb12275370a76f85786a6f",
                "sha256:3be3f649d91cb182c3a6bd336de8b61a0a71965bd13d1a04a0e15b39c3d5809d",
                "sha256:3f07943aa4d7dad689e3bb1638ddc4944cc5e0921e3c227486daae0e31a05e54",
                "sha256:479d92908277bed6e1a1c69b277734a7771c2b78633c224445b5c60a9f4bc1d9",
                "sha256:4ffc61e8f3bf5b60346d89cd3d37231019c17a081208dfbbd6e1605ba03fa137",
                "sha256:5639c2b16764c6f76eedf722dbad9a0914960d3489c0cc38694ddf9464f1bb2f",
                "sha256:58968d331425a6f9eedcee087f77fd3c927c88f55368f43ff7e0a19891f2642c",
                "sha256:5d186f32e52e66994dce4f766884bcb9c68b8da62d61d9d215bfe5fb56d21334",
                "sha256:5d20cc348cca3a8aa7312f42ab953a56e15323800ca3ab0706b8cd452a3a056c",
                "sha256:6866df152b581f9429020320e5eb9794c8780e90f7ccb021940d7f50ee00ae0b",
                "sha256:7d5fe7195c27c32a64955740b949070f21cba664604291c298518d2e255931d2",
                "sha256:896530bc9107b226f265effa7ef3f21270f18a2026bc09fed1ebd7b66ddf6375",
                "sha256:962bc30480a08d133e631e8dfd4783ab71cc9e33d5d7c1e192f0b7c06397bb88",
                "sha256:978631ec51a6bbc0b7e58f23b68a8ce9e5f09721940933e9c217068388789fe5",
                "sha256:9b4d4a5dbee05a2c390bf212e78b99434efec37b17a4bff42f50285c5c8c9647",
                "sha256:ab0b005721cc0039e885ac3503825661bd9810b15d4f374e473f8c89b7d5460c",
                "sha256:af653022a0c25ef2e3ffb2c673a50e5a0d02fecc41608f4954176f1933b12359",
                "sha256:b0cc66c74c797e1db750aaa842ad5b8b78e14805a9b5d1348dc603612d3e3ff5",
                "sha256:b424563394c369a804ecbee9b06dfb34997f19d00b3518e39f83a5642618397d",
                "sha256:c138abae3a12a94c75c10499f1cbae81294a6f983b3af066390adee73f433028",
                "sha256:c6cd67722619e4d55fdb42ead64ed8843d64638e9c07f4011163e46bc512cf01",
                "sha256:c91fc8e8fd78af553f98bc7f2a1d8db977334e4eea302a4bfd75b9461c2d8904",
                "sha256:cad399780053fb383dc067475135e41c9fe7d901a97dd5d9c5dfb5611afc0d7d",
                "sha256:cb90f60e03d563ca2445099edf605c16ed1d5b15182d21831f58460c48bffb93",
                "sha256:dad80b45c22e05b259e33ddd458e9e2ba099c86ccf4e88db7bbab4b747b18d06",
                "sha256:dd3db61b8fe5be220eee484a17233287d0be6932d056cf5738225b9c05ef4fff",
                "sha256:e28d62e59a4dbd1d22e747f57d4f00c459af22181f0b2f787ea83f5a876d7c76",
                "sha256:e909df4053064a97f1e6565153ff8bb389af12c5c8d29c343308760890560aff",
                "sha256:f3ffef566ac88f75967d7abd852ed5f182da252d23fac11b4766da3957766759",
                "sha256:fc3c9babc1e1faefd62704bb46a69f359a9819eb0292e40df3fb6e3574715cd4",
                "sha256:fe19d8bc5536a91a24a8133328880a41831b6c5df54599a8417b62fe015d3053"
            ],
            "index": "pypi",
            "markers": "python_version >= '3.7' and python_full_version not in '3.9.0, 3.9.1'",
            "version": "==44.0.3"
        },
        "nassl": {
            "hashes": [
                "sha256:01b4edfca38357115abbefde0c89e6ab43346f726c57f0d6c7868619af8ba8e4",
                "sha256:08680e7378e26d0c3136aa5e90deb50eb0bf2728f30439a7555d65d61d20d7b0",
                "sha256:13c77ffc94ab393c498afc591f777f6e9433222f5dcb97f6feb34e9b596115a0",
                "sha256:141a9f003f6e4514be5b3855828dd309fce3a7769580ac20d676d02acfccaeb3",
                "sha256:151b8c8b39e7da01a27b550bb80eb6f2cbd9a634ff7de83dfdb6156d8621f000",
                "sha256:1b3e8dba7c0985bad243a4cb747c513150ce56946651a20266d1a2c43b016935",
                "sha256:1e4c0527ff1dde9210a79f0fea36301bf0588f8e4db9f8bbb0c21f98dc6847b6",
                "sha256:22d8b9523d7fe8eb46dec5b2a5407b4084fb42b46665a35ea7b6839040a09a74",
                "sha256:3729626d14c156ede9bed3e1354bd630e910bd1c857067a055d96eb22094a84c",
                "sha256:53403facd22a8da0465e981367452b9270b8d4962d58a4529bec2e6d6703d13e",
                "sha256:56641c1099730d6f8cee544608647f2872f6917cc27ebca99c7f3bc36c85d58d",
                "sha256:7142760c253ff9ad67bb32fd9509648140bdd56602dc8235bfaada245dc3b658",
                "sha256:777a47b087cd70d7050a052bd773719bc3538440f6074d1537594346a43b547c",
                "sha256:7ddfc4eab3f2ee9928e8aaa8ef0f0ddddcae07cc9078e7ce0a9740b3a00ced5f",
                "sha256:81f672c80360f6e13c09205e915fa8ba924e84ea93d091c0a037a08a4ab1d494",
                "sha256:87345d7ccd710f11205910dfb996de98068f9c398225085f9aa0969ece8e9c6e",
                "sha256:8afcfe5cd7e7b2f9ee4d25a124189e9cc73533527ffafa7aabec0d480e86c380",
                "sha256:9894585a2cec5fb0fa1ef5222e58312f1ef09cff687c7de55c98a98840750ae7",
                "sha256:9d6dc4731415881bc4e35828c64ba8ad8d528e89f00c41c0955d09dea7025097",
                "sha256:a0c8ab7711827c5a825c95a9e1c49f9913696b7fa15b3da356b7121f828d3975",
                "sha256:a49b449feffc624148d0eeec67e435f9ebec6594d158dd215e819ba6944ef023",
                "sha256:b5fe22c5b1ad2e66ecccc803b16079eca55252e8bd04d879104da82648b1fa9b",
                "sha256:bd97464b0d6112bad904c0d1d841259cbbc9f24772a0d770e8a37b98597b80d3",
                "sha256:c87a4db031af0d248d1a28cfd5999fc3b8045a7e7baff6a0281ffdac744413f3",
                "sha256:c8ef87548cda23361a626a18b959c9fbd33120dc65a41b765983a6b323094586",
                "sha256:cd481b81a4779305553f569ab922f499e4d076f6eac9ae3d18556256236f995c",
                "sha256:cf6495a462c57d7a7cb8a226c59beffc3b589bfa05cbaf4203519da5b4117789",
                "sha256:dd69ea598ded37dbb66b886dd661ff22a3886eb602da380197f3d55fce9f65c7",
                "sha256:eaf9c3be02d18c46e6d1f35e1be5d638577d1a3d505a58403c917fb40a9b2eaf",
                "sha256:eb1c90f22911062f7331285e4271cd09f65415725a0ffa5b2a905f12527c5894",
                "sha256:eb3ed3b75313621d40ca0e37d57a43339a9242bbdde860494b2be0f90cc00503",
                "sha256:f22faa5f4cc6a2f29d48e0abb4231260164a4b49ef25039d0d43eb4f6d7d1cc3",
                "sha256:f582764bed42189ed937e58f246688209725f33d1d798fd472e7ea217a78434e",
                "sha256:f6faa4c68943bea0d603b2ab386c1d490d109fc069478ba73a0ef0d1233aeead",
                "sha256:f99eeef6015ceee4317c51990623ad68a63fea7306ccd78d6e7d95f8606a4be4"
            ],
            "index": "pypi",
            "markers": "python_version >= '3.9'",
            "version": "==5.3.1"
        },
        "pycparser": {
            "hashes": [
                "sha256:78816d4f24add8f10a06d6f05b4d424ad9e96cfebf68a4ddc99c65c0720d00c2",
                "sha256:e5c6e8d3fbad53479cab09ac03729e0a9faf2bee3db8208a550daf5af81a5934"
            ],
            "markers": "python_version >= '3.8'",
            "version": "==2.23"
        },
        "pydantic": {
            "hashes": [
                "sha256:0af849d00e1879199babd468ec9db13b956f6608e9250500c1a9d69b6a62824e",
                "sha256:665931f5b4ab40c411439e66f99060d631d1acc58c3d481957b9123343d674d1"
            ],
            "markers": "python_version >= '3.9'",
            "version": "==2.12.1"
        },
        "pydantic-core": {
            "hashes": [
                "sha256:005bf20e48f6272803de8ba0be076e5bd7d015b7f02ebcc989bc24f85636d1d8",
                "sha256:05974468cff84ea112ad4992823f1300d822ad51df0eba4c3af3c4a4cbe5eca0",
                "sha256:091d3966dc2379e07b45b4fd9651fbab5b24ea3c62cc40637beaf691695e5f5a",
                "sha256:0c0d7e1a9f80f00a8180b9194ecef66958eb03f3c3ae2d77195c9d665ac0a61e",
                "sha256:0c77e8e72344e34052ea26905fa7551ecb75fc12795ca1a8e44f816918f4c718",
                "sha256:0d986b1defbe27867812dc3d8b3401d72be14449b255081e505046c02687010a",
                "sha256:12019e3a4ded7c4e84b11a761be843dfa9837444a1d7f621888ad499f0f72643",
                "sha256:16f216e4371a05ad3baa5aed152eae056c7e724663c2bcbb38edd607c17baa89",
                "sha256:16f80f366472eb6a3744149289c263e5ef182c8b18422192166b67625fef3c50",
                "sha256:18dd9a88bc1017bea142a4936de1a32aec9723f13d6cb434bd2aeec23208143a",
                "sha256:1a572d7d06b9fa6efeec32fbcd18c73081af66942b345664669867cf8e69c7b0",
                "sha256:1ac3ba94f3be9437da4ad611dacd356f040120668c5b1733b8ae035a13663c48",
                "sha256:1fe4ebd676c158a7994253161151b476dbbef2acbd2f547cfcfdf332cf67cc29",
                "sha256:20f7d53153eb2a5c2f7a8cccf1a45022e2b75668cad274f998b43313da03053d",
                "sha256:219a95d7638c6b3a50de749747afdf1c2bdf027653e4a3e1df2fefa1e238d8eb",
                "sha256:21b3a07248e481c06c4f208c53402fc143e817ce652a114f0c5d2acfd97b8b91",
                "sha256:21d4e730b75cfc62b3e24261030bd223ed5f867039f971027c551a7ab911f460",
                "sha256:248a5d1dac5382454927edf32660d0791d2df997b23b06a8cac6e3375bc79cee",
                "sha256:267b64a4845471c33f12155140d7449643c0c190b5ae3be6a7a3c04461ac494b",
                "sha256:2868fabfc35ec0738539ce0d79aab37aeffdcb9682b9b91f0ac4b0ba31abb1eb",
                "sha256:287cbcd3407a875eaf0b1efa2e5288493d5b79bfd3629459cf0b329ad8a9071a",
                "sha256:2a7dd8a6f5a9a2f8c7f36e4fc0982a985dbc4ac7176ee3df9f63179b7295b626",
                "sha256:2de13998e396d556c17065d7847e03f6c1ce6210eb1719a778a25425284f1a17",
                "sha256:2e169371f88113c8e642f7ac42c798109f1270832b577b5144962a7a028bfb0c",
                "sha256:32be442a017e82a6c496a52ef5db5f5ac9abf31c3064f5240ee15a1d27cc599e",
                "sha256:347a23094c98b7ea2ba6fff93b52bd2931a48c9c1790722d9e841f30e4b7afcd",
                "sha256:351b2c5c073ae8caaa11e4336f8419d844c9b936e123e72dbe2c43fa97e54781",
                "sha256:36388958d0c614df9f5de1a5f88f4b79359016b9ecdfc352037788a628616aa2",
                "sha256:3c50eba144add9104cf43ef9a3d81c37ebf48bfd0924b584b78ec2e03ec91daf",
                "sha256:3cbcad992c281b4960cb5550e218ff39a679c730a59859faa0bc9b8d87efbe6a",
                "sha256:4061cc82d7177417fdb90e23e67b27425ecde2652cfd2053b5b4661a489ddc19",
                "sha256:40db5705aec66371ca5792415c3e869137ae2bab48c48608db3f84986ccaf016",
                "sha256:41c38700094045b12c0cff35c8585954de66cf6dd63909fed1c2e6b8f38e1e1e",
                "sha256:43abc869cce9104ff35cb4eff3028e9a87346c95fe44e0173036bf4d782bdc3d",
                "sha256:446361e93f4ffe509edae5862fb89a0d24cbc8f2935f05c6584c2f2ca6e7b6df",
                "sha256:44af3276c0c2c14efde6590523e4d7e04bcd0e46e0134f0dbef1be0b64b2d3e3",
                "sha256:45b445c09095df0d422e8ef01065f1c0a7424a17b37646b71d857ead6428b084",
                "sha256:485398dacc5dddb2be280fd3998367531eccae8631f4985d048c2406a5ee5ecc",
                "sha256:4aa5a2327538f6b3c040604618cd36a960224ad7c22be96717b444c269f1a8b2",
                "sha256:503923874b5496b0a7d6479f481e02342771c1561e96c1e28b97a5ad056e55e9",
                "sha256:5253835aa145049205a67056884555a936f9b3fea7c3ce860bff62be6a1ae4d1",
                "sha256:539b1c01251fbc0789ad4e1dccf3e888062dd342b2796f403406855498afbc36",
                "sha256:54534eecbb7a331521f832e15fc307296f491ee1918dacfd4d5b900da6ee3332",
                "sha256:59aeed341f92440d51fdcc82c8e930cfb234f1843ed1d4ae1074f5fb9789a64b",
                "sha256:5dd40bb57cdae2a35e20d06910b93b13e8f57ffff5a0b0a45927953bad563a03",
                "sha256:5e67f86ffb40127851dba662b2d0ab400264ed37cfedeab6100515df41ccb325",
                "sha256:60110fe616b599c6e057142f2d75873e213bc0cbdac88f58dda8afb27a82f978",
                "sha256:6212874118704e27d177acee5b90b83556b14b2eb88aae01bae51cd9efe27019",
                "sha256:624503f918e472c0eed6935020c01b6a6b4bcdb7955a848da5c8805d40f15c0f",
                "sha256:63d787ea760052585c6bfc34310aa379346f2cec363fe178659664f80421804b",
                "sha256:668fcb317a0b3c84781796891128111c32f83458d436b022014ed0ea07f66e1b",
                "sha256:69297795efe5349156d18eebea818b75d29a1d3d1d5f26a250f22ab4220aacd6",
                "sha256:6b4be10152098b43c093a4b5e9e9da1ac7a1c954c1934d4438d07ba7b7bcf293",
                "sha256:6d972c97e91e294f1ce4c74034211b5c16d91b925c08704f5786e5e3743d8a20",
                "sha256:6dfe0898272bf675941cd1ea701677341357b77acadacabbd43d71e09763dceb",
                "sha256:70c01c179e1a786af804b93e3eb7506cd818744bff8cf9e3cda0d8bbb2d12204",
                "sha256:7528ff51a26985072291c4170bd1f16f396a46ef845a428ae97bdb01ebaee7f4",
                "sha256:75428ae73865ee366f159b68b9281c754df832494419b4eb46b7c3fbdb27756c",
                "sha256:79d9a98a80309189a49cffcd507c85032a2df35d005bd12d655f425ca80eec3d",
                "sha256:7bdc8b70bc4b68e4d891b46d018012cac7bbfe3b981a7c874716dde09ff09fd5",
                "sha256:7be34f5217ffc28404fc0ca6f07491a2a6a770faecfcf306384c142bccd2fdb4",
                "sha256:7c1010c4d2cc10703da089543c38909aa832656ffb85cd31dc3e3d73362e0249",
                "sha256:83847aa6026fb7149b9ef06e10c73ff83ac1d2aa478b28caa4f050670c1c9a37",
                "sha256:86ffbf5291c367a56b5718590dc3452890f2c1ac7b76d8f4a1e66df90bd717f6",
                "sha256:8741b0ab2acdd20c804432e08052791e66cf797afa5451e7e435367f88474b0b",
                "sha256:88461e25f62e58db4d8b180e2612684f31b5844db0a8f8c1c421498c97bc197b",
                "sha256:8c8f7cae4451a7e83d781bd862c43b3591ede41b6d6adc5dead81300c3e0fbae",
                "sha256:8d699904cd13d0f509bdbb17f0784abb332d4aa42df4b0a8b65932096fcd4b21",
                "sha256:8e0c81dc047c18059410c959a437540abcefea6a882d6e43b9bf45c291eaacd9",
                "sha256:8f7d4504d7bdce582a2700615d52dbe5f9de4ffab4815431f6da7edf5acc1329",
                "sha256:91a38e48cdcc17763ac0abcb27c2b5fca47c2bc79ca0821b5211b2adeb06c4d0",
                "sha256:91be4756e05367ce19a70e1db3b77f01f9e40ca70d26fb4cdfa993e53a08964a",
                "sha256:91dfe6a6e02916fd1fb630f1ebe0c18f9fd9d3cbfe84bb2599f195ebbb0edb9b",
                "sha256:92d96bb0abce0ce71f90845ad25b5521fbf8ce6e5589f4937cb047e4f5a36c76",
                "sha256:947e1c5e79c54e313742c9dc25a439d38c5dcfde14f6a9a9069b3295f190c444",
                "sha256:95da6803d101b5c35e4ea80f44da5ba5422f6695690570d7cc15f04a12ca4e33",
                "sha256:971efe83bac3d5db781ee1b4836ac2cdd53cf7f727edfd4bb0a18029f9409ef2",
                "sha256:984ca0113b39dda1d7c358d6db03dd6539ef244d0558351806c1327239e035bf",
                "sha256:98ad9402d6cc194b21adb4626ead88fcce8bc287ef434502dbb4d5b71bdb9a47",
                "sha256:98c54e5ad0399ac79c0b6b567693d0f8c44b5a0d67539826cc1dd495e47d1307",
                "sha256:99b17a3ed3b8bf769815c782710e520b9b4efcede14eeea71ef57a2a16870ec9",
                "sha256:9af9a9ae24b866ce58462a7de61c33ff035e052b7a9c05c29cf496bd6a16a63f",
                "sha256:a6ded5abbb7391c0db9e002aaa5f0e3a49a024b0a22e2ed09ab69087fd5ab8a8",
                "sha256:a8596700fdd3ee12b0d9c1f2395f4c32557e7ebfbfacdc08055b0bcbe7d2827e",
                "sha256:af10c78f0e9086d2d883ddd5a6482a613ad435eb5739cf1467b1f86169e63d91",
                "sha256:b0947cd92f782cfc7bb595fd046a5a5c83e9f9524822f071f6b602f08d14b653",
                "sha256:b1d9699a4dae10a7719951cca1e30b591ef1dd9cdda9fec39282a283576c0241",
                "sha256:b387f08b378924fa82bd86e03c9d61d6daca1a73ffb3947bdcfe12ea14c41f68",
                "sha256:b5ff0467a8c1b6abb0ab9c9ea80e2e3a9788592e44c726c2db33fdaf1b5e7d0b",
                "sha256:bbcc6bbcc83979b82fc1642dafd94b07c49f9b8e3b1df625f1c1aa676f952e48",
                "sha256:c0178ad5e586d3e394f4b642f0bb7a434bcf34d1e9716cc4bd74e34e35283152",
                "sha256:c32474bb2324b574dc57aea40cb415c8ca81b73bc103f5644a15095d5552df8f",
                "sha256:c58c5acda77802eedde3aaf22be09e37cfec060696da64bf6e6ffb2480fdabd0",
                "sha256:c5cb19f36253152c509abe76c1d1b185436e0c75f392a82934fe37f4a1264449",
                "sha256:c6a24c82674a3a8e7f7306e57e98219e5c1cdfc0f57bc70986930dda136230b2",
                "sha256:c6ea2102958eb5ad560d570c49996e215a6939d9bffd0e9fd3b9e808a55008cc",
                "sha256:c7f96e6fc3ab59e1ba1132f3105be9b8b7f80d071c73f7e8d2e1f594cbb64907",
                "sha256:cb13d215db8cb0f601227785f6d32c577387253ba3a47cbef72e7c6c93c13023",
                "sha256:cb3c63f4014a603caee687cd5c3c63298d2c8951b7acb2ccd0befbf2e1c0b8ad",
                "sha256:cb4f40c93307e1c50996e4edcddf338e1f3f1fb86fb69b654111c6050ae3b081",
                "sha256:cb82cd643a2ad7ebf94bdb7fa6c339801b0fe8c7920610d6da7b691647ef5842",
                "sha256:cd0d26f1e4335d5f84abfc880da0afa080c8222410482f9ee12043bb05f55ec8",
                "sha256:cdebb34b36ad05e8d77b4e797ad38a2a775c2a07a8fa386d4f6943b7778dcd39",
                "sha256:ce7d8f4353f82259b55055bd162bbaf599f6c40cd0c098e989eeb95f9fdc022f",
                "sha256:d0a1e90642dd6040cfcf509230fb1c3df257f7420d52b5401b3ce164acb0a342",
                "sha256:d4ebfa1864046c44669cd789a613ec39ee194fe73842e369d129d716730216d9",
                "sha256:d5099f1b97e79f0e45cb6a236a5bd1a20078ed50b1b28f3d17f6c83ff3585baa",
                "sha256:d5e01519c8322a489167abb1aceaab1a9e4c7d3e665dc3f7b0b1355910fcb698",
                "sha256:e1c133e3447c2f6d95e47ede58fff0053370758112a1d39117d0af8c93584049",
                "sha256:e2135eff48d3b6a2abfe7b26395d350ea76a460d3de3cf2521fe2f15f222fa29",
                "sha256:e301551c63d46122972ab5523a1438772cdde5d62d34040dac6f11017f18cc5d",
                "sha256:ecad4d7d264f6df23db68ca3024919a7aab34b4c44d9a9280952863a7a0c5e81",
                "sha256:edfe9b4cee4a91da7247c25732f24504071f3e101c050694d18194b7d2d320bf",
                "sha256:ef37228238b3a280170ac43a010835c4a7005742bc8831c2c1a9560de4595dbe",
                "sha256:f06a9e81da60e5a0ef584f6f4790f925c203880ae391bf363d97126fd1790b21",
                "sha256:fc836eb8561f04fede7b73747463bd08715be0f55c427e0f0198aa2f1d92f913",
                "sha256:fce6e6505b9807d3c20476fa016d0bd4d54a858fe648d6f5ef065286410c3da7"
            ],
            "markers": "python_version >= '3.9'",
            "version": "==2.41.3"
        },
        "sslyze": {
            "editable": true,
            "markers": "python_version >= '3.9'",
            "path": "."
        },
        "tls-parser": {
            "hashes": [
                "sha256:67621c6afa721c7afdb9c50d3c38119f22c9c1b93823af27e05a78e3a6fd0e5e",
                "sha256:fc9c1c4bcb646317bf0f1a9396bad1423346a445fd34a86ccc6c3a7e434ebde3"
            ],
            "markers": "python_version >= '3.8'",
            "version": "==2.0.2"
        },
        "typing-extensions": {
            "hashes": [
                "sha256:0cea48d173cc12fa28ecabc3b837ea3cf6f38c6d1136f85cbaaf598984861466",
                "sha256:f0fa19c6845758ab08074a0cfa8b7aecb71c999ca73d62883bc25cc018c4e548"
            ],
            "markers": "python_version >= '3.9'",
            "version": "==4.15.0"
        },
        "typing-inspection": {
            "hashes": [
                "sha256:4ed1cacbdc298c220f1bd249ed5287caa16f34d44ef4e9c3d0cbad5b521545e7",
                "sha256:ba561c48a67c5958007083d386c3295464928b01faa735ab8547c5692e87f464"
            ],
            "markers": "python_version >= '3.9'",
            "version": "==0.4.2"
        }
    },
    "develop": {}
}
