{
    "_meta": {
        "hash": {
            "sha256": "5a48c6435ba3b1ee71e115e14284e923ae975050fd59327033705c5ee1054994"
        },
        "pipfile-spec": 6,
        "requires": {
            "python_version": "3"
        },
        "sources": [
            {
                "name": "pypi",
                "url": "https://pypi.org/simple",
                "verify_ssl": true
            }
        ]
    },
    "default": {
        "nassl": {
            "hashes": [
                "sha256:1062d59ddf39f3f72889311f59f98ca759401ce83c9d57e26c90c7427d1b3246",
                "sha256:132499c19a228933bbd4426076a7d1f4b6924a70d2d010119fe79f5e115f0d51",
                "sha256:27c3d7735e1257f2f47ce81c515d66983167a213558ab9b879f2c340b457319f",
                "sha256:349cf61d5cd19ff0f540cfa684e66ca378b483d86cd97c8072b863ba6822cfc2",
                "sha256:3be6f4c8b6a70d7fc4426e3b18b6d72bcffae53611c5f0618924ad3c149c6477",
                "sha256:4aae97ebe4338e6e5b130ba8a9c2138639ef75212338d7a81b05ea3a1bdc53a1",
                "sha256:4b54552882136b967c7189bb07771aef4e0dbd1a898d1ed8c24266310ba20675",
                "sha256:542db22d3e981b8fcef2facea8cbb87d1bc7b19a179ed921390593e55114a980",
                "sha256:6054d554b51e2592a67139c1cb9206de70a3b196e631de8bddcfa50cd9064638",
                "sha256:63d488040d2197f8220aaffea59580a99c63ebaa9d3f41c188ecf30342b4a713",
                "sha256:6dc7103cc06ea7112fbb31afe60ae76031dcca518bb8c64b695b7f8f82a2743e",
                "sha256:778b5ae2c09793446300aa33e4f1f81a013c526a724cfac11a86496f8ab5a51b",
                "sha256:7c9fb0ebfd8faaf720dc16a9cee73577f03a6cc4b948268715633759473d08cc",
                "sha256:7d196d5a6cef51c58d19ffa46d2d7e540b2667f8bb7176da5632d64c7f2b0f3a",
                "sha256:8177ae73e3a746de36007550b2c521816e55f6a46f0305068f3e1ad1194255b0",
                "sha256:855706a5561c53bdc7be6b7a46bd8db461381565ab90f93741e90a47c25f92a6",
                "sha256:86481bb43643225d2974d97eb2ad53ac1b4877782281fc5073e8fc7525492c2a",
                "sha256:a2116fee7533e0f8f875970bdbd5a38a05cda534fc8675d782b93232f4b83111",
                "sha256:a2166c977ee16fd6f94f9cfefbe72d6d5d3dca144d568695c4b3894bea512b41",
                "sha256:ac8565bcc81bbe111505e60030a4e6304485c49a46bfb2637d95c998742ebfe0",
                "sha256:b574e53b5217a6db56166c2c17d62275300bcdfb9ca33b70fcffa0f8f79b57a7",
                "sha256:b811f2b98a5701395db92e3d45e1c52855c04326ef27b611451b861c2a3d0947",
                "sha256:cae3153ca3751fa2e58f860fcf69da65c80c3ecc1c30e2aa31e8fd906720809b",
                "sha256:d01b64be5cca8046e1a5d0c93eddca63da836a334027d7de070e0702f286e85e",
                "sha256:d6befb8eafcd8dff35063bea20a257b28a66f111f1e7c875295f668d975c65a8",
                "sha256:e56073127c3aa7465fa8b7d75ef94a27faa7feb7fa9a2a92a41fd92dfe15a87a",
                "sha256:e8ea0d9330294724f83960bcbb9db2c426af4db92401b29c740a67d7d99ad65c",
                "sha256:ea2079a8f2018fc55e0393730928bad4231491c94162e586d20f68aa3c7de91b",
                "sha256:f9a65d4a98a6621ef9873975a8853fba40041b80bf6807612410630bb8e72792"
            ],
            "index": "pypi",
            "markers": "python_version >= '3.8'",
            "version": "==5.2.0"
        },
        "sslyze": {
            "editable": true,
            "path": "."
        }
    },
    "develop": {}
}
