{
    "_meta": {
        "hash": {
            "sha256": "0ada3f39df3cfaf612f6b7cc508dbd13868f4916a833fdb4bef2d6203d681ef5"
        },
        "pipfile-spec": 6,
        "requires": {
            "python_version": "3"
        },
        "sources": [
            {
                "name": "pypi",
                "url": "https://pypi.org/simple",
                "verify_ssl": true
            }
        ]
    },
    "default": {
        "nassl": {
            "editable": true,
            "git": "https://github.com/nabla-c0d3/nassl.git",
            "markers": "python_version >= '3.8'",
            "ref": "2447a0971f07faedce6dfb3a05bb3c00b309769b"
        },
        "sslyze": {
            "editable": true,
            "markers": "python_version >= '3.7'",
            "path": "."
        }
    },
    "develop": {}
}
